// !$*UTF8*$!
{
	archiveVersion = 1;
	classes = {
	};
	objectVersion = 55;
	objects = {

/* Begin PBXBuildFile section */
		3060C0B3289BFAAB0004343E /* EmotionDetector.swift in Sources */ = {isa = PBXBuildFile; fileRef = 3060C0B2289BFAAB0004343E /* EmotionDetector.swift */; };
		30993A3D27E87272006CE502 /* CoreMLCameraVideoMattingApp.swift in Sources */ = {isa = PBXBuildFile; fileRef = 30993A3C27E87272006CE502 /* CoreMLCameraVideoMattingApp.swift */; };
		30993A3F27E87272006CE502 /* ContentView.swift in Sources */ = {isa = PBXBuildFile; fileRef = 30993A3E27E87272006CE502 /* ContentView.swift */; };
		30993A4127E87274006CE502 /* Assets.xcassets in Resources */ = {isa = PBXBuildFile; fileRef = 30993A4027E87274006CE502 /* Assets.xcassets */; };
		30993A4427E87274006CE502 /* Preview Assets.xcassets in Resources */ = {isa = PBXBuildFile; fileRef = 30993A4327E87274006CE502 /* Preview Assets.xcassets */; };
		30993A4B27E87BFA006CE502 /* Helpers.swift in Sources */ = {isa = PBXBuildFile; fileRef = 30993A4A27E87BFA006CE502 /* Helpers.swift */; };
		30993A4E27E9161B006CE502 /* RVM.mlmodel in Sources */ = {isa = PBXBuildFile; fileRef = 30993A4D27E9161B006CE502 /* RVM.mlmodel */; };
		30993A5027E917C8006CE502 /* RVMPredictor.swift in Sources */ = {isa = PBXBuildFile; fileRef = 30993A4F27E917C8006CE502 /* RVMPredictor.swift */; };
		30F73D32289EDE2C00FB9CBE /* Resnet50Emotions.mlmodel in Sources */ = {isa = PBXBuildFile; fileRef = 30F73D31289EDE2C00FB9CBE /* Resnet50Emotions.mlmodel */; };
		30F73D44289EE40600FB9CBE /* UIImage+Extensions.swift in Sources */ = {isa = PBXBuildFile; fileRef = 30F73D33289EE3FF00FB9CBE /* UIImage+Extensions.swift */; };
		30F73D45289EE40600FB9CBE /* MLMultiArray+Image.swift in Sources */ = {isa = PBXBuildFile; fileRef = 30F73D34289EE40000FB9CBE /* MLMultiArray+Image.swift */; };
		30F73D46289EE40600FB9CBE /* CGImagePropertyOrientation.swift in Sources */ = {isa = PBXBuildFile; fileRef = 30F73D35289EE40000FB9CBE /* CGImagePropertyOrientation.swift */; };
		30F73D47289EE40600FB9CBE /* NonMaxSuppression.swift in Sources */ = {isa = PBXBuildFile; fileRef = 30F73D36289EE40000FB9CBE /* NonMaxSuppression.swift */; };
		30F73D48289EE40600FB9CBE /* CGImage+RawBytes.swift in Sources */ = {isa = PBXBuildFile; fileRef = 30F73D37289EE40100FB9CBE /* CGImage+RawBytes.swift */; };
		30F73D49289EE40600FB9CBE /* MLModel+Images.swift in Sources */ = {isa = PBXBuildFile; fileRef = 30F73D38289EE40100FB9CBE /* MLModel+Images.swift */; };
		30F73D4A289EE40600FB9CBE /* UIImage+CVPixelBuffer.swift in Sources */ = {isa = PBXBuildFile; fileRef = 30F73D39289EE40200FB9CBE /* UIImage+CVPixelBuffer.swift */; };
		30F73D4B289EE40600FB9CBE /* Predictions.swift in Sources */ = {isa = PBXBuildFile; fileRef = 30F73D3A289EE40200FB9CBE /* Predictions.swift */; };
		30F73D4C289EE40600FB9CBE /* CGImage+CVPixelBuffer.swift in Sources */ = {isa = PBXBuildFile; fileRef = 30F73D3B289EE40200FB9CBE /* CGImage+CVPixelBuffer.swift */; };
		30F73D4D289EE40600FB9CBE /* CVPixelBuffer+Rotate.swift in Sources */ = {isa = PBXBuildFile; fileRef = 30F73D3C289EE40300FB9CBE /* CVPixelBuffer+Rotate.swift */; };
		30F73D4E289EE40600FB9CBE /* CoreML+Combine.swift in Sources */ = {isa = PBXBuildFile; fileRef = 30F73D3D289EE40300FB9CBE /* CoreML+Combine.swift */; };
		30F73D4F289EE40600FB9CBE /* CVPixelBuffer+Resize.swift in Sources */ = {isa = PBXBuildFile; fileRef = 30F73D3E289EE40400FB9CBE /* CVPixelBuffer+Resize.swift */; };
		30F73D50289EE40600FB9CBE /* Math.swift in Sources */ = {isa = PBXBuildFile; fileRef = 30F73D3F289EE40400FB9CBE /* Math.swift */; };
		30F73D51289EE40600FB9CBE /* MLMultiArray+Helpers.swift in Sources */ = {isa = PBXBuildFile; fileRef = 30F73D40289EE40400FB9CBE /* MLMultiArray+Helpers.swift */; };
		30F73D52289EE40600FB9CBE /* Array+Extensions.swift in Sources */ = {isa = PBXBuildFile; fileRef = 30F73D41289EE40500FB9CBE /* Array+Extensions.swift */; };
		30F73D53289EE40600FB9CBE /* CVPixelBuffer+Create.swift in Sources */ = {isa = PBXBuildFile; fileRef = 30F73D42289EE40500FB9CBE /* CVPixelBuffer+Create.swift */; };
		30F73D54289EE40600FB9CBE /* UIImage+RawBytes.swift in Sources */ = {isa = PBXBuildFile; fileRef = 30F73D43289EE40500FB9CBE /* UIImage+RawBytes.swift */; };
/* End PBXBuildFile section */

/* Begin PBXFileReference section */
		3032777927E9D9EE0015D575 /* CoreMLCameraVideoMatting.entitlements */ = {isa = PBXFileReference; lastKnownFileType = text.plist.entitlements; path = CoreMLCameraVideoMatting.entitlements; sourceTree = "<group>"; };
		3060C0B2289BFAAB0004343E /* EmotionDetector.swift */ = {isa = PBXFileReference; lastKnownFileType = sourcecode.swift; path = EmotionDetector.swift; sourceTree = "<group>"; };
		30993A3927E87272006CE502 /* CoreMLEmotionalBackgrounds.app */ = {isa = PBXFileReference; explicitFileType = wrapper.application; includeInIndex = 0; path = CoreMLEmotionalBackgrounds.app; sourceTree = BUILT_PRODUCTS_DIR; };
		30993A3C27E87272006CE502 /* CoreMLCameraVideoMattingApp.swift */ = {isa = PBXFileReference; lastKnownFileType = sourcecode.swift; path = CoreMLCameraVideoMattingApp.swift; sourceTree = "<group>"; };
		30993A3E27E87272006CE502 /* ContentView.swift */ = {isa = PBXFileReference; lastKnownFileType = sourcecode.swift; path = ContentView.swift; sourceTree = "<group>"; };
		30993A4027E87274006CE502 /* Assets.xcassets */ = {isa = PBXFileReference; lastKnownFileType = folder.assetcatalog; path = Assets.xcassets; sourceTree = "<group>"; };
		30993A4327E87274006CE502 /* Preview Assets.xcassets */ = {isa = PBXFileReference; lastKnownFileType = folder.assetcatalog; path = "Preview Assets.xcassets"; sourceTree = "<group>"; };
		30993A4A27E87BFA006CE502 /* Helpers.swift */ = {isa = PBXFileReference; lastKnownFileType = sourcecode.swift; path = Helpers.swift; sourceTree = "<group>"; };
		30993A4D27E9161B006CE502 /* RVM.mlmodel */ = {isa = PBXFileReference; lastKnownFileType = file.mlmodel; path = RVM.mlmodel; sourceTree = "<group>"; };
		30993A4F27E917C8006CE502 /* RVMPredictor.swift */ = {isa = PBXFileReference; lastKnownFileType = sourcecode.swift; path = RVMPredictor.swift; sourceTree = "<group>"; };
		30F73D31289EDE2C00FB9CBE /* Resnet50Emotions.mlmodel */ = {isa = PBXFileReference; lastKnownFileType = file.mlmodel; path = Resnet50Emotions.mlmodel; sourceTree = "<group>"; };
		30F73D33289EE3FF00FB9CBE /* UIImage+Extensions.swift */ = {isa = PBXFileReference; fileEncoding = 4; lastKnownFileType = sourcecode.swift; path = "UIImage+Extensions.swift"; sourceTree = "<group>"; };
		30F73D34289EE40000FB9CBE /* MLMultiArray+Image.swift */ = {isa = PBXFileReference; fileEncoding = 4; lastKnownFileType = sourcecode.swift; path = "MLMultiArray+Image.swift"; sourceTree = "<group>"; };
		30F73D35289EE40000FB9CBE /* CGImagePropertyOrientation.swift */ = {isa = PBXFileReference; fileEncoding = 4; lastKnownFileType = sourcecode.swift; path = CGImagePropertyOrientation.swift; sourceTree = "<group>"; };
		30F73D36289EE40000FB9CBE /* NonMaxSuppression.swift */ = {isa = PBXFileReference; fileEncoding = 4; lastKnownFileType = sourcecode.swift; path = NonMaxSuppression.swift; sourceTree = "<group>"; };
		30F73D37289EE40100FB9CBE /* CGImage+RawBytes.swift */ = {isa = PBXFileReference; fileEncoding = 4; lastKnownFileType = sourcecode.swift; path = "CGImage+RawBytes.swift"; sourceTree = "<group>"; };
		30F73D38289EE40100FB9CBE /* MLModel+Images.swift */ = {isa = PBXFileReference; fileEncoding = 4; lastKnownFileType = sourcecode.swift; path = "MLModel+Images.swift"; sourceTree = "<group>"; };
		30F73D39289EE40200FB9CBE /* UIImage+CVPixelBuffer.swift */ = {isa = PBXFileReference; fileEncoding = 4; lastKnownFileType = sourcecode.swift; path = "UIImage+CVPixelBuffer.swift"; sourceTree = "<group>"; };
		30F73D3A289EE40200FB9CBE /* Predictions.swift */ = {isa = PBXFileReference; fileEncoding = 4; lastKnownFileType = sourcecode.swift; path = Predictions.swift; sourceTree = "<group>"; };
		30F73D3B289EE40200FB9CBE /* CGImage+CVPixelBuffer.swift */ = {isa = PBXFileReference; fileEncoding = 4; lastKnownFileType = sourcecode.swift; path = "CGImage+CVPixelBuffer.swift"; sourceTree = "<group>"; };
		30F73D3C289EE40300FB9CBE /* CVPixelBuffer+Rotate.swift */ = {isa = PBXFileReference; fileEncoding = 4; lastKnownFileType = sourcecode.swift; path = "CVPixelBuffer+Rotate.swift"; sourceTree = "<group>"; };
		30F73D3D289EE40300FB9CBE /* CoreML+Combine.swift */ = {isa = PBXFileReference; fileEncoding = 4; lastKnownFileType = sourcecode.swift; path = "CoreML+Combine.swift"; sourceTree = "<group>"; };
		30F73D3E289EE40400FB9CBE /* CVPixelBuffer+Resize.swift */ = {isa = PBXFileReference; fileEncoding = 4; lastKnownFileType = sourcecode.swift; path = "CVPixelBuffer+Resize.swift"; sourceTree = "<group>"; };
		30F73D3F289EE40400FB9CBE /* Math.swift */ = {isa = PBXFileReference; fileEncoding = 4; lastKnownFileType = sourcecode.swift; path = Math.swift; sourceTree = "<group>"; };
		30F73D40289EE40400FB9CBE /* MLMultiArray+Helpers.swift */ = {isa = PBXFileReference; fileEncoding = 4; lastKnownFileType = sourcecode.swift; path = "MLMultiArray+Helpers.swift"; sourceTree = "<group>"; };
		30F73D41289EE40500FB9CBE /* Array+Extensions.swift */ = {isa = PBXFileReference; fileEncoding = 4; lastKnownFileType = sourcecode.swift; path = "Array+Extensions.swift"; sourceTree = "<group>"; };
		30F73D42289EE40500FB9CBE /* CVPixelBuffer+Create.swift */ = {isa = PBXFileReference; fileEncoding = 4; lastKnownFileType = sourcecode.swift; path = "CVPixelBuffer+Create.swift"; sourceTree = "<group>"; };
		30F73D43289EE40500FB9CBE /* UIImage+RawBytes.swift */ = {isa = PBXFileReference; fileEncoding = 4; lastKnownFileType = sourcecode.swift; path = "UIImage+RawBytes.swift"; sourceTree = "<group>"; };
/* End PBXFileReference section */

/* Begin PBXFrameworksBuildPhase section */
		30993A3627E87272006CE502 /* Frameworks */ = {
			isa = PBXFrameworksBuildPhase;
			buildActionMask = 2147483647;
			files = (
			);
			runOnlyForDeploymentPostprocessing = 0;
		};
/* End PBXFrameworksBuildPhase section */

/* Begin PBXGroup section */
		305DDE3628A4F6D900162093 /* CoreMLHelpers */ = {
			isa = PBXGroup;
			children = (
				30F73D41289EE40500FB9CBE /* Array+Extensions.swift */,
				30F73D3B289EE40200FB9CBE /* CGImage+CVPixelBuffer.swift */,
				30F73D37289EE40100FB9CBE /* CGImage+RawBytes.swift */,
				30F73D35289EE40000FB9CBE /* CGImagePropertyOrientation.swift */,
				30F73D3D289EE40300FB9CBE /* CoreML+Combine.swift */,
				30F73D42289EE40500FB9CBE /* CVPixelBuffer+Create.swift */,
				30F73D3E289EE40400FB9CBE /* CVPixelBuffer+Resize.swift */,
				30F73D3C289EE40300FB9CBE /* CVPixelBuffer+Rotate.swift */,
				30F73D3F289EE40400FB9CBE /* Math.swift */,
				30F73D38289EE40100FB9CBE /* MLModel+Images.swift */,
				30F73D40289EE40400FB9CBE /* MLMultiArray+Helpers.swift */,
				30F73D34289EE40000FB9CBE /* MLMultiArray+Image.swift */,
				30F73D36289EE40000FB9CBE /* NonMaxSuppression.swift */,
				30F73D3A289EE40200FB9CBE /* Predictions.swift */,
				30F73D39289EE40200FB9CBE /* UIImage+CVPixelBuffer.swift */,
				30F73D33289EE3FF00FB9CBE /* UIImage+Extensions.swift */,
				30F73D43289EE40500FB9CBE /* UIImage+RawBytes.swift */,
			);
			path = CoreMLHelpers;
			sourceTree = "<group>";
		};
		30993A3027E87272006CE502 = {
			isa = PBXGroup;
			children = (
				30993A3B27E87272006CE502 /* CoreMLCameraVideoMatting */,
				30993A3A27E87272006CE502 /* Products */,
			);
			sourceTree = "<group>";
		};
		30993A3A27E87272006CE502 /* Products */ = {
			isa = PBXGroup;
			children = (
				30993A3927E87272006CE502 /* CoreMLEmotionalBackgrounds.app */,
			);
			name = Products;
			sourceTree = "<group>";
		};
		30993A3B27E87272006CE502 /* CoreMLCameraVideoMatting */ = {
			isa = PBXGroup;
			children = (
				3032777927E9D9EE0015D575 /* CoreMLCameraVideoMatting.entitlements */,
				305DDE3628A4F6D900162093 /* CoreMLHelpers */,
				30993A4C27E9149A006CE502 /* Models */,
				30993A3C27E87272006CE502 /* CoreMLCameraVideoMattingApp.swift */,
				30993A4A27E87BFA006CE502 /* Helpers.swift */,
				30993A3E27E87272006CE502 /* ContentView.swift */,
				3060C0B2289BFAAB0004343E /* EmotionDetector.swift */,
				30993A4F27E917C8006CE502 /* RVMPredictor.swift */,
				30993A4027E87274006CE502 /* Assets.xcassets */,
				30993A4227E87274006CE502 /* Preview Content */,
			);
			path = CoreMLCameraVideoMatting;
			sourceTree = "<group>";
		};
		30993A4227E87274006CE502 /* Preview Content */ = {
			isa = PBXGroup;
			children = (
				30993A4327E87274006CE502 /* Preview Assets.xcassets */,
			);
			path = "Preview Content";
			sourceTree = "<group>";
		};
		30993A4C27E9149A006CE502 /* Models */ = {
			isa = PBXGroup;
			children = (
				30F73D31289EDE2C00FB9CBE /* Resnet50Emotions.mlmodel */,
				30993A4D27E9161B006CE502 /* RVM.mlmodel */,
			);
			path = Models;
			sourceTree = "<group>";
		};
/* End PBXGroup section */

/* Begin PBXNativeTarget section */
		30993A3827E87272006CE502 /* CoreMLCameraVideoMatting */ = {
			isa = PBXNativeTarget;
			buildConfigurationList = 30993A4727E87274006CE502 /* Build configuration list for PBXNativeTarget "CoreMLCameraVideoMatting" */;
			buildPhases = (
				30993A3527E87272006CE502 /* Sources */,
				30993A3627E87272006CE502 /* Frameworks */,
				30993A3727E87272006CE502 /* Resources */,
			);
			buildRules = (
			);
			dependencies = (
			);
			name = CoreMLCameraVideoMatting;
			productName = CoreMLCameraVideoMatting;
			productReference = 30993A3927E87272006CE502 /* CoreMLEmotionalBackgrounds.app */;
			productType = "com.apple.product-type.application";
		};
/* End PBXNativeTarget section */

/* Begin PBXProject section */
		30993A3127E87272006CE502 /* Project object */ = {
			isa = PBXProject;
			attributes = {
				BuildIndependentTargetsInParallel = 1;
				LastSwiftUpdateCheck = 1320;
				LastUpgradeCheck = 1320;
				TargetAttributes = {
					30993A3827E87272006CE502 = {
						CreatedOnToolsVersion = 13.2.1;
					};
				};
			};
			buildConfigurationList = 30993A3427E87272006CE502 /* Build configuration list for PBXProject "CoreMLCameraVideoMatting" */;
			compatibilityVersion = "Xcode 13.0";
			developmentRegion = en;
			hasScannedForEncodings = 0;
			knownRegions = (
				en,
				Base,
			);
			mainGroup = 30993A3027E87272006CE502;
			productRefGroup = 30993A3A27E87272006CE502 /* Products */;
			projectDirPath = "";
			projectRoot = "";
			targets = (
				30993A3827E87272006CE502 /* CoreMLCameraVideoMatting */,
			);
		};
/* End PBXProject section */

/* Begin PBXResourcesBuildPhase section */
		30993A3727E87272006CE502 /* Resources */ = {
			isa = PBXResourcesBuildPhase;
			buildActionMask = 2147483647;
			files = (
				30993A4427E87274006CE502 /* Preview Assets.xcassets in Resources */,
				30993A4127E87274006CE502 /* Assets.xcassets in Resources */,
			);
			runOnlyForDeploymentPostprocessing = 0;
		};
/* End PBXResourcesBuildPhase section */

/* Begin PBXSourcesBuildPhase section */
		30993A3527E87272006CE502 /* Sources */ = {
			isa = PBXSourcesBuildPhase;
			buildActionMask = 2147483647;
			files = (
				30993A4E27E9161B006CE502 /* RVM.mlmodel in Sources */,
				30F73D4E289EE40600FB9CBE /* CoreML+Combine.swift in Sources */,
				30993A3F27E87272006CE502 /* ContentView.swift in Sources */,
				30F73D52289EE40600FB9CBE /* Array+Extensions.swift in Sources */,
				30F73D53289EE40600FB9CBE /* CVPixelBuffer+Create.swift in Sources */,
				30F73D48289EE40600FB9CBE /* CGImage+RawBytes.swift in Sources */,
				30F73D54289EE40600FB9CBE /* UIImage+RawBytes.swift in Sources */,
				30F73D4C289EE40600FB9CBE /* CGImage+CVPixelBuffer.swift in Sources */,
				30F73D32289EDE2C00FB9CBE /* Resnet50Emotions.mlmodel in Sources */,
				30F73D4D289EE40600FB9CBE /* CVPixelBuffer+Rotate.swift in Sources */,
				30F73D51289EE40600FB9CBE /* MLMultiArray+Helpers.swift in Sources */,
				30993A4B27E87BFA006CE502 /* Helpers.swift in Sources */,
				30F73D47289EE40600FB9CBE /* NonMaxSuppression.swift in Sources */,
				30993A5027E917C8006CE502 /* RVMPredictor.swift in Sources */,
				3060C0B3289BFAAB0004343E /* EmotionDetector.swift in Sources */,
				30F73D4F289EE40600FB9CBE /* CVPixelBuffer+Resize.swift in Sources */,
				30F73D46289EE40600FB9CBE /* CGImagePropertyOrientation.swift in Sources */,
				30993A3D27E87272006CE502 /* CoreMLCameraVideoMattingApp.swift in Sources */,
				30F73D4B289EE40600FB9CBE /* Predictions.swift in Sources */,
				30F73D49289EE40600FB9CBE /* MLModel+Images.swift in Sources */,
				30F73D4A289EE40600FB9CBE /* UIImage+CVPixelBuffer.swift in Sources */,
				30F73D44289EE40600FB9CBE /* UIImage+Extensions.swift in Sources */,
				30F73D45289EE40600FB9CBE /* MLMultiArray+Image.swift in Sources */,
				30F73D50289EE40600FB9CBE /* Math.swift in Sources */,
			);
			runOnlyForDeploymentPostprocessing = 0;
		};
/* End PBXSourcesBuildPhase section */

/* Begin XCBuildConfiguration section */
		30993A4527E87274006CE502 /* Debug */ = {
			isa = XCBuildConfiguration;
			buildSettings = {
				ALWAYS_SEARCH_USER_PATHS = NO;
				CLANG_ANALYZER_NONNULL = YES;
				CLANG_ANALYZER_NUMBER_OBJECT_CONVERSION = YES_AGGRESSIVE;
				CLANG_CXX_LANGUAGE_STANDARD = "gnu++17";
				CLANG_CXX_LIBRARY = "libc++";
				CLANG_ENABLE_MODULES = YES;
				CLANG_ENABLE_OBJC_ARC = YES;
				CLANG_ENABLE_OBJC_WEAK = YES;
				CLANG_WARN_BLOCK_CAPTURE_AUTORELEASING = YES;
				CLANG_WARN_BOOL_CONVERSION = YES;
				CLANG_WARN_COMMA = YES;
				CLANG_WARN_CONSTANT_CONVERSION = YES;
				CLANG_WARN_DEPRECATED_OBJC_IMPLEMENTATIONS = YES;
				CLANG_WARN_DIRECT_OBJC_ISA_USAGE = YES_ERROR;
				CLANG_WARN_DOCUMENTATION_COMMENTS = YES;
				CLANG_WARN_EMPTY_BODY = YES;
				CLANG_WARN_ENUM_CONVERSION = YES;
				CLANG_WARN_INFINITE_RECURSION = YES;
				CLANG_WARN_INT_CONVERSION = YES;
				CLANG_WARN_NON_LITERAL_NULL_CONVERSION = YES;
				CLANG_WARN_OBJC_IMPLICIT_RETAIN_SELF = YES;
				CLANG_WARN_OBJC_LITERAL_CONVERSION = YES;
				CLANG_WARN_OBJC_ROOT_CLASS = YES_ERROR;
				CLANG_WARN_QUOTED_INCLUDE_IN_FRAMEWORK_HEADER = YES;
				CLANG_WARN_RANGE_LOOP_ANALYSIS = YES;
				CLANG_WARN_STRICT_PROTOTYPES = YES;
				CLANG_WARN_SUSPICIOUS_MOVE = YES;
				CLANG_WARN_UNGUARDED_AVAILABILITY = YES_AGGRESSIVE;
				CLANG_WARN_UNREACHABLE_CODE = YES;
				CLANG_WARN__DUPLICATE_METHOD_MATCH = YES;
				COPY_PHASE_STRIP = NO;
				DEBUG_INFORMATION_FORMAT = dwarf;
				ENABLE_STRICT_OBJC_MSGSEND = YES;
				ENABLE_TESTABILITY = YES;
				GCC_C_LANGUAGE_STANDARD = gnu11;
				GCC_DYNAMIC_NO_PIC = NO;
				GCC_NO_COMMON_BLOCKS = YES;
				GCC_OPTIMIZATION_LEVEL = 0;
				GCC_PREPROCESSOR_DEFINITIONS = (
					"DEBUG=1",
					"$(inherited)",
				);
				GCC_WARN_64_TO_32_BIT_CONVERSION = YES;
				GCC_WARN_ABOUT_RETURN_TYPE = YES_ERROR;
				GCC_WARN_UNDECLARED_SELECTOR = YES;
				GCC_WARN_UNINITIALIZED_AUTOS = YES_AGGRESSIVE;
				GCC_WARN_UNUSED_FUNCTION = YES;
				GCC_WARN_UNUSED_VARIABLE = YES;
				IPHONEOS_DEPLOYMENT_TARGET = 15.2;
				MTL_ENABLE_DEBUG_INFO = INCLUDE_SOURCE;
				MTL_FAST_MATH = YES;
				ONLY_ACTIVE_ARCH = YES;
				SDKROOT = iphoneos;
				SWIFT_ACTIVE_COMPILATION_CONDITIONS = DEBUG;
				SWIFT_OPTIMIZATION_LEVEL = "-Onone";
			};
			name = Debug;
		};
		30993A4627E87274006CE502 /* Release */ = {
			isa = XCBuildConfiguration;
			buildSettings = {
				ALWAYS_SEARCH_USER_PATHS = NO;
				CLANG_ANALYZER_NONNULL = YES;
				CLANG_ANALYZER_NUMBER_OBJECT_CONVERSION = YES_AGGRESSIVE;
				CLANG_CXX_LANGUAGE_STANDARD = "gnu++17";
				CLANG_CXX_LIBRARY = "libc++";
				CLANG_ENABLE_MODULES = YES;
				CLANG_ENABLE_OBJC_ARC = YES;
				CLANG_ENABLE_OBJC_WEAK = YES;
				CLANG_WARN_BLOCK_CAPTURE_AUTORELEASING = YES;
				CLANG_WARN_BOOL_CONVERSION = YES;
				CLANG_WARN_COMMA = YES;
				CLANG_WARN_CONSTANT_CONVERSION = YES;
				CLANG_WARN_DEPRECATED_OBJC_IMPLEMENTATIONS = YES;
				CLANG_WARN_DIRECT_OBJC_ISA_USAGE = YES_ERROR;
				CLANG_WARN_DOCUMENTATION_COMMENTS = YES;
				CLANG_WARN_EMPTY_BODY = YES;
				CLANG_WARN_ENUM_CONVERSION = YES;
				CLANG_WARN_INFINITE_RECURSION = YES;
				CLANG_WARN_INT_CONVERSION = YES;
				CLANG_WARN_NON_LITERAL_NULL_CONVERSION = YES;
				CLANG_WARN_OBJC_IMPLICIT_RETAIN_SELF = YES;
				CLANG_WARN_OBJC_LITERAL_CONVERSION = YES;
				CLANG_WARN_OBJC_ROOT_CLASS = YES_ERROR;
				CLANG_WARN_QUOTED_INCLUDE_IN_FRAMEWORK_HEADER = YES;
				CLANG_WARN_RANGE_LOOP_ANALYSIS = YES;
				CLANG_WARN_STRICT_PROTOTYPES = YES;
				CLANG_WARN_SUSPICIOUS_MOVE = YES;
				CLANG_WARN_UNGUARDED_AVAILABILITY = YES_AGGRESSIVE;
				CLANG_WARN_UNREACHABLE_CODE = YES;
				CLANG_WARN__DUPLICATE_METHOD_MATCH = YES;
				COPY_PHASE_STRIP = NO;
				DEBUG_INFORMATION_FORMAT = "dwarf-with-dsym";
				ENABLE_NS_ASSERTIONS = NO;
				ENABLE_STRICT_OBJC_MSGSEND = YES;
				GCC_C_LANGUAGE_STANDARD = gnu11;
				GCC_NO_COMMON_BLOCKS = YES;
				GCC_WARN_64_TO_32_BIT_CONVERSION = YES;
				GCC_WARN_ABOUT_RETURN_TYPE = YES_ERROR;
				GCC_WARN_UNDECLARED_SELECTOR = YES;
				GCC_WARN_UNINITIALIZED_AUTOS = YES_AGGRESSIVE;
				GCC_WARN_UNUSED_FUNCTION = YES;
				GCC_WARN_UNUSED_VARIABLE = YES;
				IPHONEOS_DEPLOYMENT_TARGET = 15.2;
				MTL_ENABLE_DEBUG_INFO = NO;
				MTL_FAST_MATH = YES;
				SDKROOT = iphoneos;
				SWIFT_COMPILATION_MODE = wholemodule;
				SWIFT_OPTIMIZATION_LEVEL = "-O";
				VALIDATE_PRODUCT = YES;
			};
			name = Release;
		};
		30993A4827E87274006CE502 /* Debug */ = {
			isa = XCBuildConfiguration;
			buildSettings = {
				ASSETCATALOG_COMPILER_APPICON_NAME = AppIcon;
				ASSETCATALOG_COMPILER_GLOBAL_ACCENT_COLOR_NAME = AccentColor;
				CODE_SIGN_ENTITLEMENTS = CoreMLCameraVideoMatting/CoreMLCameraVideoMatting.entitlements;
				CODE_SIGN_STYLE = Automatic;
				CURRENT_PROJECT_VERSION = 1;
				DEVELOPMENT_ASSET_PATHS = "\"CoreMLCameraVideoMatting/Preview Content\"";
				DEVELOPMENT_TEAM = RP5AN8NM68;
				ENABLE_PREVIEWS = YES;
				GENERATE_INFOPLIST_FILE = YES;
				INFOPLIST_KEY_NSCameraUsageDescription = "";
				INFOPLIST_KEY_UIApplicationSceneManifest_Generation = YES;
				INFOPLIST_KEY_UIApplicationSupportsIndirectInputEvents = YES;
				INFOPLIST_KEY_UILaunchScreen_Generation = YES;
				INFOPLIST_KEY_UISupportedInterfaceOrientations_iPad = "UIInterfaceOrientationPortrait UIInterfaceOrientationPortraitUpsideDown UIInterfaceOrientationLandscapeLeft UIInterfaceOrientationLandscapeRight";
				INFOPLIST_KEY_UISupportedInterfaceOrientations_iPhone = "UIInterfaceOrientationPortrait UIInterfaceOrientationLandscapeLeft UIInterfaceOrientationLandscapeRight";
				LD_RUNPATH_SEARCH_PATHS = (
					"$(inherited)",
					"@executable_path/Frameworks",
				);
				MARKETING_VERSION = 1.0;
				PRODUCT_BUNDLE_IDENTIFIER = com.dvoitekh.dvoitekh.CoreMLEmotionalBackgrounds;
				PRODUCT_NAME = CoreMLEmotionalBackgrounds;
				SUPPORTS_MACCATALYST = NO;
				SUPPORTS_MAC_DESIGNED_FOR_IPHONE_IPAD = NO;
				SWIFT_EMIT_LOC_STRINGS = YES;
				SWIFT_VERSION = 5.0;
				TARGETED_DEVICE_FAMILY = "1,2";
			};
			name = Debug;
		};
		30993A4927E87274006CE502 /* Release */ = {
			isa = XCBuildConfiguration;
			buildSettings = {
				ASSETCATALOG_COMPILER_APPICON_NAME = AppIcon;
				ASSETCATALOG_COMPILER_GLOBAL_ACCENT_COLOR_NAME = AccentColor;
				CODE_SIGN_ENTITLEMENTS = CoreMLCameraVideoMatting/CoreMLCameraVideoMatting.entitlements;
				CODE_SIGN_STYLE = Automatic;
				CURRENT_PROJECT_VERSION = 1;
				DEVELOPMENT_ASSET_PATHS = "\"CoreMLCameraVideoMatting/Preview Content\"";
				DEVELOPMENT_TEAM = RP5AN8NM68;
				ENABLE_PREVIEWS = YES;
				GENERATE_INFOPLIST_FILE = YES;
				INFOPLIST_KEY_NSCameraUsageDescription = "";
				INFOPLIST_KEY_UIApplicationSceneManifest_Generation = YES;
				INFOPLIST_KEY_UIApplicationSupportsIndirectInputEvents = YES;
				INFOPLIST_KEY_UILaunchScreen_Generation = YES;
				INFOPLIST_KEY_UISupportedInterfaceOrientations_iPad = "UIInterfaceOrientationPortrait UIInterfaceOrientationPortraitUpsideDown UIInterfaceOrientationLandscapeLeft UIInterfaceOrientationLandscapeRight";
				INFOPLIST_KEY_UISupportedInterfaceOrientations_iPhone = "UIInterfaceOrientationPortrait UIInterfaceOrientationLandscapeLeft UIInterfaceOrientationLandscapeRight";
				LD_RUNPATH_SEARCH_PATHS = (
					"$(inherited)",
					"@executable_path/Frameworks",
				);
				MARKETING_VERSION = 1.0;
				PRODUCT_BUNDLE_IDENTIFIER = com.dvoitekh.dvoitekh.CoreMLEmotionalBackgrounds;
				PRODUCT_NAME = CoreMLEmotionalBackgrounds;
				SUPPORTS_MACCATALYST = NO;
				SUPPORTS_MAC_DESIGNED_FOR_IPHONE_IPAD = NO;
				SWIFT_EMIT_LOC_STRINGS = YES;
				SWIFT_VERSION = 5.0;
				TARGETED_DEVICE_FAMILY = "1,2";
			};
			name = Release;
		};
/* End XCBuildConfiguration section */

/* Begin XCConfigurationList section */
		30993A3427E87272006CE502 /* Build configuration list for PBXProject "CoreMLCameraVideoMatting" */ = {
			isa = XCConfigurationList;
			buildConfigurations = (
				30993A4527E87274006CE502 /* Debug */,
				30993A4627E87274006CE502 /* Release */,
			);
			defaultConfigurationIsVisible = 0;
			defaultConfigurationName = Release;
		};
		30993A4727E87274006CE502 /* Build configuration list for PBXNativeTarget "CoreMLCameraVideoMatting" */ = {
			isa = XCConfigurationList;
			buildConfigurations = (
				30993A4827E87274006CE502 /* Debug */,
				30993A4927E87274006CE502 /* Release */,
			);
			defaultConfigurationIsVisible = 0;
			defaultConfigurationName = Release;
		};
/* End XCConfigurationList section */
	};
	rootObject = 30993A3127E87272006CE502 /* Project object */;
}
